
Microsoft Visual Studio Solution File, Format Version 12.00
# Visual Studio Version 16
VisualStudioVersion = 16.0.31402.337
MinimumVisualStudioVersion = 10.0.40219.1
Project("{FAE04EC0-301F-11D3-BF4B-00C04F79EFBC}") = "AutoUpdateTest", "AutoUpdateTest\AutoUpdateTest.csproj", "{168C63F0-60E7-43A1-A24F-A8E438980424}"
EndProject
Global
	GlobalSection(SolutionConfigurationPlatforms) = preSolution
		Debug|Any CPU = Debug|Any CPU
		Release|Any CPU = Release|Any CPU
	EndGlobalSection
	GlobalSection(ProjectConfigurationPlatforms) = postSolution
		{168C63F0-60E7-43A1-A24F-A8E438980424}.Debug|Any CPU.ActiveCfg = Debug|Any CPU
		{168C63F0-60E7-43A1-A24F-A8E438980424}.Debug|Any CPU.Build.0 = Debug|Any CPU
		{168C63F0-60E7-43A1-A24F-A8E438980424}.Release|Any CPU.ActiveCfg = Release|Any CPU
		{168C63F0-60E7-43A1-A24F-A8E438980424}.Release|Any CPU.Build.0 = Release|Any CPU
	EndGlobalSection
	GlobalSection(SolutionProperties) = preSolution
		HideSolutionNode = FALSE
	EndGlobalSection
	GlobalSection(ExtensibilityGlobals) = postSolution
		SolutionGuid = {F8FBE292-C1F7-4F85-9298-556B5FDED48E}
	EndGlobalSection
EndGlobal
